
Microsoft Visual Studio Solution File, Format Version 12.00
# Visual Studio Version 16
VisualStudioVersion = 16.0.31729.503
MinimumVisualStudioVersion = 10.0.40219.1
Project("{8BC9CEB8-8B4A-11D0-8D11-00A0C91BC942}") = "getopt", "getopt\getopt.vcxproj", "{1C06E1E0-3FF7-4DAF-A9BA-7C8E2FA11B03}"
EndProject
Project("{8BC9CEB8-8B4A-11D0-8D11-00A0C91BC942}") = "libcnary", "libcnary\libcnary.vcxproj", "{69CDCB06-C62E-45F6-9E2B-4313C228F957}"
EndProject
Project("{8BC9CEB8-8B4A-11D0-8D11-00A0C91BC942}") = "libgen", "libgen\libgen.vcxproj", "{3E2B717A-7A6F-4FF5-9025-738968045272}"
EndProject
Project("{8BC9CEB8-8B4A-11D0-8D11-00A0C91BC942}") = "libplist", "libplist\libplist.vcxproj", "{C2FC6AFF-553B-4B8F-8158-93D8D50A8C02}"
	ProjectSection(ProjectDependencies) = postProject
		{69CDCB06-C62E-45F6-9E2B-4313C228F957} = {69CDCB06-C62E-45F6-9E2B-4313C228F957}
	EndProjectSection
EndProject
Project("{8BC9CEB8-8B4A-11D0-8D11-00A0C91BC942}") = "libusbmuxd", "libusbmuxd\libusbmuxd.vcxproj", "{53034340-F651-4ACB-8FEF-FFE0FF7AA013}"
	ProjectSection(ProjectDependencies) = postProject
		{1C06E1E0-3FF7-4DAF-A9BA-7C8E2FA11B03} = {1C06E1E0-3FF7-4DAF-A9BA-7C8E2FA11B03}
		{1D6039F6-5078-416F-A3AF-A36EFC7E6A1C} = {1D6039F6-5078-416F-A3AF-A36EFC7E6A1C}
		{C2FC6AFF-553B-4B8F-8158-93D8D50A8C02} = {C2FC6AFF-553B-4B8F-8158-93D8D50A8C02}
	EndProjectSection
EndProject
Project("{8BC9CEB8-8B4A-11D0-8D11-00A0C91BC942}") = "libimobiledevice", "libimobiledevice\libimobiledevice.vcxproj", "{6F26C69D-46EE-40AE-92E3-CD205B2C18E0}"
	ProjectSection(ProjectDependencies) = postProject
		{53034340-F651-4ACB-8FEF-FFE0FF7AA013} = {53034340-F651-4ACB-8FEF-FFE0FF7AA013}
		{3E2B717A-7A6F-4FF5-9025-738968045272} = {3E2B717A-7A6F-4FF5-9025-738968045272}
		{5178B8AB-9D84-4F31-B2AF-0AABCEE506B1} = {5178B8AB-9D84-4F31-B2AF-0AABCEE506B1}
		{1CFE37CA-D5F3-4FA5-B1FF-48027885CA05} = {1CFE37CA-D5F3-4FA5-B1FF-48027885CA05}
		{1C06E1E0-3FF7-4DAF-A9BA-7C8E2FA11B03} = {1C06E1E0-3FF7-4DAF-A9BA-7C8E2FA11B03}
		{AA5715E5-75AA-4CCC-A3D7-819FC833603C} = {AA5715E5-75AA-4CCC-A3D7-819FC833603C}
		{DFCF21EC-E0DD-4352-B170-86F5A9FC05BE} = {DFCF21EC-E0DD-4352-B170-86F5A9FC05BE}
		{C2FC6AFF-553B-4B8F-8158-93D8D50A8C02} = {C2FC6AFF-553B-4B8F-8158-93D8D50A8C02}
	EndProjectSection
EndProject
Project("{8BC9CEB8-8B4A-11D0-8D11-00A0C91BC942}") = "libcompat", "libcompat\libcompat.vcxproj", "{AA5715E5-75AA-4CCC-A3D7-819FC833603C}"
EndProject
Project("{8BC9CEB8-8B4A-11D0-8D11-00A0C91BC942}") = "socket", "vendors\socket\socket.vcxproj", "{6868442D-4090-4022-8BD0-49446B1C249F}"
EndProject
Project("{8BC9CEB8-8B4A-11D0-8D11-00A0C91BC942}") = "thread", "vendors\thread\thread.vcxproj", "{D945F0CD-6C29-47DC-8687-18A06CF7502E}"
EndProject
Project("{8BC9CEB8-8B4A-11D0-8D11-00A0C91BC942}") = "libzip", "vendors\libzip\libzip.vcxproj", "{CA9DE663-102C-4953-B09E-BCFFEC17D7E4}"
	ProjectSection(ProjectDependencies) = postProject
		{099792A3-A922-4694-A5BB-D3BC77C96F54} = {099792A3-A922-4694-A5BB-D3BC77C96F54}
	EndProjectSection
EndProject
Project("{8BC9CEB8-8B4A-11D0-8D11-00A0C91BC942}") = "libxml2", "vendors\libxml\libxml2.vcxproj", "{1D6039F6-5078-416F-A3AF-A36EFC7E6A1C}"
EndProject
Project("{8BC9CEB8-8B4A-11D0-8D11-00A0C91BC942}") = "libiconv", "vendors\libiconv\libiconv.vcxproj", "{0788DB65-CD86-4A0D-A245-F29C0114373B}"
EndProject
Project("{2150E333-8FDC-42A3-9474-1A3956D46DE8}") = "vendors", "vendors", "{0990581B-51D6-40AF-B700-6FC0891F0273}"
EndProject
Project("{8BC9CEB8-8B4A-11D0-8D11-00A0C91BC942}") = "zlib", "vendors\zlib\zlib.vcxproj", "{099792A3-A922-4694-A5BB-D3BC77C96F54}"
EndProject
Project("{8BC9CEB8-8B4A-11D0-8D11-00A0C91BC942}") = "libimobiledevice-glue", "libimobiledevice-glue\libimobiledevice-glue.vcxproj", "{5178B8AB-9D84-4F31-B2AF-0AABCEE506B1}"
	ProjectSection(ProjectDependencies) = postProject
		{C2FC6AFF-553B-4B8F-8158-93D8D50A8C02} = {C2FC6AFF-553B-4B8F-8158-93D8D50A8C02}
	EndProjectSection
EndProject
Project("{2150E333-8FDC-42A3-9474-1A3956D46DE8}") = "library", "library", "{C22EDC31-357A-46C0-BBE2-8FEE5C35F5A1}"
EndProject
Project("{8BC9CEB8-8B4A-11D0-8D11-00A0C91BC942}") = "usbmuxd", "usbmuxd\usbmuxd.vcxproj", "{4CF134B9-C728-4D19-B55C-976B52C53C12}"
	ProjectSection(ProjectDependencies) = postProject
		{363C2619-2209-3C4D-86CB-0EA6ABF367B3} = {363C2619-2209-3C4D-86CB-0EA6ABF367B3}
		{6F26C69D-46EE-40AE-92E3-CD205B2C18E0} = {6F26C69D-46EE-40AE-92E3-CD205B2C18E0}
		{C52E6FA6-AFF5-468D-A82F-E9932E8203D4} = {C52E6FA6-AFF5-468D-A82F-E9932E8203D4}
		{1C06E1E0-3FF7-4DAF-A9BA-7C8E2FA11B03} = {1C06E1E0-3FF7-4DAF-A9BA-7C8E2FA11B03}
		{C2FC6AFF-553B-4B8F-8158-93D8D50A8C02} = {C2FC6AFF-553B-4B8F-8158-93D8D50A8C02}
	EndProjectSection
EndProject
Project("{8BC9CEB8-8B4A-11D0-8D11-00A0C91BC942}") = "pthread", "vendors\pthread\pthread.vcxproj", "{363C2619-2209-3C4D-86CB-0EA6ABF367B3}"
EndProject
Project("{8BC9CEB8-8B4A-11D0-8D11-00A0C91BC942}") = "libusb-win32", "libusb-win32\projects\libusb-lib.vcxproj", "{C52E6FA6-AFF5-468D-A82F-E9932E8203D4}"
EndProject
Project("{2150E333-8FDC-42A3-9474-1A3956D46DE8}") = "tools", "tools", "{B92EE606-988F-450C-AB1A-AE4460DDFA1B}"
EndProject
Project("{2150E333-8FDC-42A3-9474-1A3956D46DE8}") = "openssl-1.1.1e", "openssl-1.1.1e", "{40B23B1A-BC16-4AB0-91BC-D91E7A2853B9}"
EndProject
Project("{8BC9CEB8-8B4A-11D0-8D11-00A0C91BC942}") = "crypto_static", "vendors\openssl-1.1.1e\crypto_static.vcxproj", "{DFCF21EC-E0DD-4352-B170-86F5A9FC05BE}"
EndProject
Project("{8BC9CEB8-8B4A-11D0-8D11-00A0C91BC942}") = "openssl_static", "vendors\openssl-1.1.1e\openssl_static.vcxproj", "{1CFE37CA-D5F3-4FA5-B1FF-48027885CA05}"
EndProject
Project("{8BC9CEB8-8B4A-11D0-8D11-00A0C91BC942}") = "idevice_id", "libimobiledevice\tools\idevice_id.vcxproj", "{DD55C105-895A-495E-895E-47CF964086C5}"
	ProjectSection(ProjectDependencies) = postProject
		{69CDCB06-C62E-45F6-9E2B-4313C228F957} = {69CDCB06-C62E-45F6-9E2B-4313C228F957}
		{6F26C69D-46EE-40AE-92E3-CD205B2C18E0} = {6F26C69D-46EE-40AE-92E3-CD205B2C18E0}
		{5178B8AB-9D84-4F31-B2AF-0AABCEE506B1} = {5178B8AB-9D84-4F31-B2AF-0AABCEE506B1}
		{1C06E1E0-3FF7-4DAF-A9BA-7C8E2FA11B03} = {1C06E1E0-3FF7-4DAF-A9BA-7C8E2FA11B03}
	EndProjectSection
EndProject
Project("{8BC9CEB8-8B4A-11D0-8D11-00A0C91BC942}") = "ideviceinfo", "libimobiledevice\tools\ideviceinfo.vcxproj", "{4486D8E1-654C-49C2-A302-1EC939CEC305}"
	ProjectSection(ProjectDependencies) = postProject
		{6F26C69D-46EE-40AE-92E3-CD205B2C18E0} = {6F26C69D-46EE-40AE-92E3-CD205B2C18E0}
		{5178B8AB-9D84-4F31-B2AF-0AABCEE506B1} = {5178B8AB-9D84-4F31-B2AF-0AABCEE506B1}
	EndProjectSection
EndProject
Project("{8BC9CEB8-8B4A-11D0-8D11-00A0C91BC942}") = "idevicepair", "libimobiledevice\tools\idevicepair.vcxproj", "{7DEA84F7-F018-410C-9A00-3F6022689617}"
	ProjectSection(ProjectDependencies) = postProject
		{6F26C69D-46EE-40AE-92E3-CD205B2C18E0} = {6F26C69D-46EE-40AE-92E3-CD205B2C18E0}
		{5178B8AB-9D84-4F31-B2AF-0AABCEE506B1} = {5178B8AB-9D84-4F31-B2AF-0AABCEE506B1}
	EndProjectSection
EndProject
Project("{8BC9CEB8-8B4A-11D0-8D11-00A0C91BC942}") = "libirecovery", "libirecovery\libirecovery.vcxproj", "{02A3710C-B5B1-4929-BA0E-1187180518E9}"
EndProject
Project("{8BC9CEB8-8B4A-11D0-8D11-00A0C91BC942}") = "libusb1.0", "libusb1.0\libusb1.0.vcxproj", "{AD4C4E03-4286-4591-9E1F-9C7FE9D73CBE}"
EndProject
Project("{8BC9CEB8-8B4A-11D0-8D11-00A0C91BC942}") = "irecovery", "libirecovery\irecovery.vcxproj", "{32748312-BE99-42FE-909B-5C61496D1042}"
	ProjectSection(ProjectDependencies) = postProject
		{AD4C4E03-4286-4591-9E1F-9C7FE9D73CBE} = {AD4C4E03-4286-4591-9E1F-9C7FE9D73CBE}
		{69CDCB06-C62E-45F6-9E2B-4313C228F957} = {69CDCB06-C62E-45F6-9E2B-4313C228F957}
		{02A3710C-B5B1-4929-BA0E-1187180518E9} = {02A3710C-B5B1-4929-BA0E-1187180518E9}
		{53034340-F651-4ACB-8FEF-FFE0FF7AA013} = {53034340-F651-4ACB-8FEF-FFE0FF7AA013}
		{6F26C69D-46EE-40AE-92E3-CD205B2C18E0} = {6F26C69D-46EE-40AE-92E3-CD205B2C18E0}
		{1C06E1E0-3FF7-4DAF-A9BA-7C8E2FA11B03} = {1C06E1E0-3FF7-4DAF-A9BA-7C8E2FA11B03}
	EndProjectSection
EndProject
Project("{8BC9CEB8-8B4A-11D0-8D11-00A0C91BC942}") = "idevicesyslog", "libimobiledevice\tools\idevicesyslog.vcxproj", "{3B6BC7D0-E500-4EC5-9023-2DA7A2C7FD60}"
	ProjectSection(ProjectDependencies) = postProject
		{6F26C69D-46EE-40AE-92E3-CD205B2C18E0} = {6F26C69D-46EE-40AE-92E3-CD205B2C18E0}
		{5178B8AB-9D84-4F31-B2AF-0AABCEE506B1} = {5178B8AB-9D84-4F31-B2AF-0AABCEE506B1}
	EndProjectSection
EndProject
Project("{8BC9CEB8-8B4A-11D0-8D11-00A0C91BC942}") = "idevicedebug", "libimobiledevice\tools\idevicedebug.vcxproj", "{A3199E84-9E3D-41BF-AD2A-D4DB7C1C9A17}"
	ProjectSection(ProjectDependencies) = postProject
		{6F26C69D-46EE-40AE-92E3-CD205B2C18E0} = {6F26C69D-46EE-40AE-92E3-CD205B2C18E0}
		{5178B8AB-9D84-4F31-B2AF-0AABCEE506B1} = {5178B8AB-9D84-4F31-B2AF-0AABCEE506B1}
	EndProjectSection
EndProject
Project("{2150E333-8FDC-42A3-9474-1A3956D46DE8}") = "libimobiledevice", "libimobiledevice", "{3C7C1D26-DA4D-4407-8D31-DDFC04571167}"
EndProject
Project("{2150E333-8FDC-42A3-9474-1A3956D46DE8}") = "irecovery", "irecovery", "{5A33A6B2-9AB9-429D-BD0E-A14E6F511720}"
EndProject
Project("{2150E333-8FDC-42A3-9474-1A3956D46DE8}") = "libusbmuxd", "libusbmuxd", "{114FC0E5-5592-44D7-BFFE-1CED030E9CF4}"
EndProject
Project("{8BC9CEB8-8B4A-11D0-8D11-00A0C91BC942}") = "iproxy", "libusbmuxd\tools\iproxy.vcxproj", "{582F2F8C-7CF6-4D68-9D90-C1F114FB4246}"
	ProjectSection(ProjectDependencies) = postProject
		{53034340-F651-4ACB-8FEF-FFE0FF7AA013} = {53034340-F651-4ACB-8FEF-FFE0FF7AA013}
		{6F26C69D-46EE-40AE-92E3-CD205B2C18E0} = {6F26C69D-46EE-40AE-92E3-CD205B2C18E0}
	EndProjectSection
EndProject
Global
	GlobalSection(SolutionConfigurationPlatforms) = preSolution
		Debug|Win32 = Debug|Win32
		Debug|x64 = Debug|x64
		Release|Win32 = Release|Win32
		Release|x64 = Release|x64
	EndGlobalSection
	GlobalSection(ProjectConfigurationPlatforms) = postSolution
		{1C06E1E0-3FF7-4DAF-A9BA-7C8E2FA11B03}.Debug|Win32.ActiveCfg = Debug|Win32
		{1C06E1E0-3FF7-4DAF-A9BA-7C8E2FA11B03}.Debug|Win32.Build.0 = Debug|Win32
		{1C06E1E0-3FF7-4DAF-A9BA-7C8E2FA11B03}.Debug|x64.ActiveCfg = Debug|x64
		{1C06E1E0-3FF7-4DAF-A9BA-7C8E2FA11B03}.Debug|x64.Build.0 = Debug|x64
		{1C06E1E0-3FF7-4DAF-A9BA-7C8E2FA11B03}.Release|Win32.ActiveCfg = Release|Win32
		{1C06E1E0-3FF7-4DAF-A9BA-7C8E2FA11B03}.Release|Win32.Build.0 = Release|Win32
		{1C06E1E0-3FF7-4DAF-A9BA-7C8E2FA11B03}.Release|x64.ActiveCfg = Release|x64
		{1C06E1E0-3FF7-4DAF-A9BA-7C8E2FA11B03}.Release|x64.Build.0 = Release|x64
		{69CDCB06-C62E-45F6-9E2B-4313C228F957}.Debug|Win32.ActiveCfg = Debug|Win32
		{69CDCB06-C62E-45F6-9E2B-4313C228F957}.Debug|Win32.Build.0 = Debug|Win32
		{69CDCB06-C62E-45F6-9E2B-4313C228F957}.Debug|x64.ActiveCfg = Debug|x64
		{69CDCB06-C62E-45F6-9E2B-4313C228F957}.Debug|x64.Build.0 = Debug|x64
		{69CDCB06-C62E-45F6-9E2B-4313C228F957}.Release|Win32.ActiveCfg = Release|Win32
		{69CDCB06-C62E-45F6-9E2B-4313C228F957}.Release|Win32.Build.0 = Release|Win32
		{69CDCB06-C62E-45F6-9E2B-4313C228F957}.Release|x64.ActiveCfg = Release|x64
		{69CDCB06-C62E-45F6-9E2B-4313C228F957}.Release|x64.Build.0 = Release|x64
		{3E2B717A-7A6F-4FF5-9025-738968045272}.Debug|Win32.ActiveCfg = Debug|Win32
		{3E2B717A-7A6F-4FF5-9025-738968045272}.Debug|Win32.Build.0 = Debug|Win32
		{3E2B717A-7A6F-4FF5-9025-738968045272}.Debug|x64.ActiveCfg = Debug|x64
		{3E2B717A-7A6F-4FF5-9025-738968045272}.Debug|x64.Build.0 = Debug|x64
		{3E2B717A-7A6F-4FF5-9025-738968045272}.Release|Win32.ActiveCfg = Release|Win32
		{3E2B717A-7A6F-4FF5-9025-738968045272}.Release|Win32.Build.0 = Release|Win32
		{3E2B717A-7A6F-4FF5-9025-738968045272}.Release|x64.ActiveCfg = Release|x64
		{3E2B717A-7A6F-4FF5-9025-738968045272}.Release|x64.Build.0 = Release|x64
		{C2FC6AFF-553B-4B8F-8158-93D8D50A8C02}.Debug|Win32.ActiveCfg = Debug|Win32
		{C2FC6AFF-553B-4B8F-8158-93D8D50A8C02}.Debug|Win32.Build.0 = Debug|Win32
		{C2FC6AFF-553B-4B8F-8158-93D8D50A8C02}.Debug|x64.ActiveCfg = Debug|x64
		{C2FC6AFF-553B-4B8F-8158-93D8D50A8C02}.Debug|x64.Build.0 = Debug|x64
		{C2FC6AFF-553B-4B8F-8158-93D8D50A8C02}.Release|Win32.ActiveCfg = Release|Win32
		{C2FC6AFF-553B-4B8F-8158-93D8D50A8C02}.Release|Win32.Build.0 = Release|Win32
		{C2FC6AFF-553B-4B8F-8158-93D8D50A8C02}.Release|x64.ActiveCfg = Release|x64
		{C2FC6AFF-553B-4B8F-8158-93D8D50A8C02}.Release|x64.Build.0 = Release|x64
		{53034340-F651-4ACB-8FEF-FFE0FF7AA013}.Debug|Win32.ActiveCfg = Debug|Win32
		{53034340-F651-4ACB-8FEF-FFE0FF7AA013}.Debug|Win32.Build.0 = Debug|Win32
		{53034340-F651-4ACB-8FEF-FFE0FF7AA013}.Debug|x64.ActiveCfg = Debug|x64
		{53034340-F651-4ACB-8FEF-FFE0FF7AA013}.Debug|x64.Build.0 = Debug|x64
		{53034340-F651-4ACB-8FEF-FFE0FF7AA013}.Release|Win32.ActiveCfg = Release|Win32
		{53034340-F651-4ACB-8FEF-FFE0FF7AA013}.Release|Win32.Build.0 = Release|Win32
		{53034340-F651-4ACB-8FEF-FFE0FF7AA013}.Release|x64.ActiveCfg = Release|x64
		{53034340-F651-4ACB-8FEF-FFE0FF7AA013}.Release|x64.Build.0 = Release|x64
		{6F26C69D-46EE-40AE-92E3-CD205B2C18E0}.Debug|Win32.ActiveCfg = Debug|Win32
		{6F26C69D-46EE-40AE-92E3-CD205B2C18E0}.Debug|Win32.Build.0 = Debug|Win32
		{6F26C69D-46EE-40AE-92E3-CD205B2C18E0}.Debug|x64.ActiveCfg = Debug|x64
		{6F26C69D-46EE-40AE-92E3-CD205B2C18E0}.Debug|x64.Build.0 = Debug|x64
		{6F26C69D-46EE-40AE-92E3-CD205B2C18E0}.Release|Win32.ActiveCfg = Release|Win32
		{6F26C69D-46EE-40AE-92E3-CD205B2C18E0}.Release|Win32.Build.0 = Release|Win32
		{6F26C69D-46EE-40AE-92E3-CD205B2C18E0}.Release|x64.ActiveCfg = Release|x64
		{6F26C69D-46EE-40AE-92E3-CD205B2C18E0}.Release|x64.Build.0 = Release|x64
		{AA5715E5-75AA-4CCC-A3D7-819FC833603C}.Debug|Win32.ActiveCfg = Debug|Win32
		{AA5715E5-75AA-4CCC-A3D7-819FC833603C}.Debug|Win32.Build.0 = Debug|Win32
		{AA5715E5-75AA-4CCC-A3D7-819FC833603C}.Debug|x64.ActiveCfg = Debug|x64
		{AA5715E5-75AA-4CCC-A3D7-819FC833603C}.Debug|x64.Build.0 = Debug|x64
		{AA5715E5-75AA-4CCC-A3D7-819FC833603C}.Release|Win32.ActiveCfg = Release|Win32
		{AA5715E5-75AA-4CCC-A3D7-819FC833603C}.Release|Win32.Build.0 = Release|Win32
		{AA5715E5-75AA-4CCC-A3D7-819FC833603C}.Release|x64.ActiveCfg = Release|x64
		{AA5715E5-75AA-4CCC-A3D7-819FC833603C}.Release|x64.Build.0 = Release|x64
		{6868442D-4090-4022-8BD0-49446B1C249F}.Debug|Win32.ActiveCfg = Debug|Win32
		{6868442D-4090-4022-8BD0-49446B1C249F}.Debug|Win32.Build.0 = Debug|Win32
		{6868442D-4090-4022-8BD0-49446B1C249F}.Debug|x64.ActiveCfg = Debug|x64
		{6868442D-4090-4022-8BD0-49446B1C249F}.Debug|x64.Build.0 = Debug|x64
		{6868442D-4090-4022-8BD0-49446B1C249F}.Release|Win32.ActiveCfg = Release|Win32
		{6868442D-4090-4022-8BD0-49446B1C249F}.Release|Win32.Build.0 = Release|Win32
		{6868442D-4090-4022-8BD0-49446B1C249F}.Release|x64.ActiveCfg = Release|x64
		{6868442D-4090-4022-8BD0-49446B1C249F}.Release|x64.Build.0 = Release|x64
		{D945F0CD-6C29-47DC-8687-18A06CF7502E}.Debug|Win32.ActiveCfg = Debug|Win32
		{D945F0CD-6C29-47DC-8687-18A06CF7502E}.Debug|Win32.Build.0 = Debug|Win32
		{D945F0CD-6C29-47DC-8687-18A06CF7502E}.Debug|x64.ActiveCfg = Debug|x64
		{D945F0CD-6C29-47DC-8687-18A06CF7502E}.Debug|x64.Build.0 = Debug|x64
		{D945F0CD-6C29-47DC-8687-18A06CF7502E}.Release|Win32.ActiveCfg = Release|Win32
		{D945F0CD-6C29-47DC-8687-18A06CF7502E}.Release|Win32.Build.0 = Release|Win32
		{D945F0CD-6C29-47DC-8687-18A06CF7502E}.Release|x64.ActiveCfg = Release|x64
		{D945F0CD-6C29-47DC-8687-18A06CF7502E}.Release|x64.Build.0 = Release|x64
		{CA9DE663-102C-4953-B09E-BCFFEC17D7E4}.Debug|Win32.ActiveCfg = Debug|Win32
		{CA9DE663-102C-4953-B09E-BCFFEC17D7E4}.Debug|Win32.Build.0 = Debug|Win32
		{CA9DE663-102C-4953-B09E-BCFFEC17D7E4}.Debug|x64.ActiveCfg = Debug|x64
		{CA9DE663-102C-4953-B09E-BCFFEC17D7E4}.Debug|x64.Build.0 = Debug|x64
		{CA9DE663-102C-4953-B09E-BCFFEC17D7E4}.Release|Win32.ActiveCfg = Release|Win32
		{CA9DE663-102C-4953-B09E-BCFFEC17D7E4}.Release|Win32.Build.0 = Release|Win32
		{CA9DE663-102C-4953-B09E-BCFFEC17D7E4}.Release|x64.ActiveCfg = Release|x64
		{CA9DE663-102C-4953-B09E-BCFFEC17D7E4}.Release|x64.Build.0 = Release|x64
		{1D6039F6-5078-416F-A3AF-A36EFC7E6A1C}.Debug|Win32.ActiveCfg = Debug|Win32
		{1D6039F6-5078-416F-A3AF-A36EFC7E6A1C}.Debug|Win32.Build.0 = Debug|Win32
		{1D6039F6-5078-416F-A3AF-A36EFC7E6A1C}.Debug|x64.ActiveCfg = Debug|x64
		{1D6039F6-5078-416F-A3AF-A36EFC7E6A1C}.Debug|x64.Build.0 = Debug|x64
		{1D6039F6-5078-416F-A3AF-A36EFC7E6A1C}.Release|Win32.ActiveCfg = Release|Win32
		{1D6039F6-5078-416F-A3AF-A36EFC7E6A1C}.Release|Win32.Build.0 = Release|Win32
		{1D6039F6-5078-416F-A3AF-A36EFC7E6A1C}.Release|x64.ActiveCfg = Release|x64
		{1D6039F6-5078-416F-A3AF-A36EFC7E6A1C}.Release|x64.Build.0 = Release|x64
		{0788DB65-CD86-4A0D-A245-F29C0114373B}.Debug|Win32.ActiveCfg = Debug|Win32
		{0788DB65-CD86-4A0D-A245-F29C0114373B}.Debug|Win32.Build.0 = Debug|Win32
		{0788DB65-CD86-4A0D-A245-F29C0114373B}.Debug|x64.ActiveCfg = Debug|x64
		{0788DB65-CD86-4A0D-A245-F29C0114373B}.Debug|x64.Build.0 = Debug|x64
		{0788DB65-CD86-4A0D-A245-F29C0114373B}.Release|Win32.ActiveCfg = Release|Win32
		{0788DB65-CD86-4A0D-A245-F29C0114373B}.Release|Win32.Build.0 = Release|Win32
		{0788DB65-CD86-4A0D-A245-F29C0114373B}.Release|x64.ActiveCfg = Release|x64
		{0788DB65-CD86-4A0D-A245-F29C0114373B}.Release|x64.Build.0 = Release|x64
		{099792A3-A922-4694-A5BB-D3BC77C96F54}.Debug|Win32.ActiveCfg = Debug|Win32
		{099792A3-A922-4694-A5BB-D3BC77C96F54}.Debug|Win32.Build.0 = Debug|Win32
		{099792A3-A922-4694-A5BB-D3BC77C96F54}.Debug|x64.ActiveCfg = Debug|x64
		{099792A3-A922-4694-A5BB-D3BC77C96F54}.Debug|x64.Build.0 = Debug|x64
		{099792A3-A922-4694-A5BB-D3BC77C96F54}.Release|Win32.ActiveCfg = Release|Win32
		{099792A3-A922-4694-A5BB-D3BC77C96F54}.Release|Win32.Build.0 = Release|Win32
		{099792A3-A922-4694-A5BB-D3BC77C96F54}.Release|x64.ActiveCfg = Release|x64
		{099792A3-A922-4694-A5BB-D3BC77C96F54}.Release|x64.Build.0 = Release|x64
		{5178B8AB-9D84-4F31-B2AF-0AABCEE506B1}.Debug|Win32.ActiveCfg = Debug|Win32
		{5178B8AB-9D84-4F31-B2AF-0AABCEE506B1}.Debug|Win32.Build.0 = Debug|Win32
		{5178B8AB-9D84-4F31-B2AF-0AABCEE506B1}.Debug|x64.ActiveCfg = Debug|x64
		{5178B8AB-9D84-4F31-B2AF-0AABCEE506B1}.Debug|x64.Build.0 = Debug|x64
		{5178B8AB-9D84-4F31-B2AF-0AABCEE506B1}.Release|Win32.ActiveCfg = Release|Win32
		{5178B8AB-9D84-4F31-B2AF-0AABCEE506B1}.Release|Win32.Build.0 = Release|Win32
		{5178B8AB-9D84-4F31-B2AF-0AABCEE506B1}.Release|x64.ActiveCfg = Release|x64
		{5178B8AB-9D84-4F31-B2AF-0AABCEE506B1}.Release|x64.Build.0 = Release|x64
		{4CF134B9-C728-4D19-B55C-976B52C53C12}.Debug|Win32.ActiveCfg = Debug|Win32
		{4CF134B9-C728-4D19-B55C-976B52C53C12}.Debug|Win32.Build.0 = Debug|Win32
		{4CF134B9-C728-4D19-B55C-976B52C53C12}.Debug|x64.ActiveCfg = Debug|x64
		{4CF134B9-C728-4D19-B55C-976B52C53C12}.Debug|x64.Build.0 = Debug|x64
		{4CF134B9-C728-4D19-B55C-976B52C53C12}.Release|Win32.ActiveCfg = Release|Win32
		{4CF134B9-C728-4D19-B55C-976B52C53C12}.Release|Win32.Build.0 = Release|Win32
		{4CF134B9-C728-4D19-B55C-976B52C53C12}.Release|x64.ActiveCfg = Release|x64
		{4CF134B9-C728-4D19-B55C-976B52C53C12}.Release|x64.Build.0 = Release|x64
		{363C2619-2209-3C4D-86CB-0EA6ABF367B3}.Debug|Win32.ActiveCfg = Debug|Win32
		{363C2619-2209-3C4D-86CB-0EA6ABF367B3}.Debug|Win32.Build.0 = Debug|Win32
		{363C2619-2209-3C4D-86CB-0EA6ABF367B3}.Debug|x64.ActiveCfg = Debug|x64
		{363C2619-2209-3C4D-86CB-0EA6ABF367B3}.Debug|x64.Build.0 = Debug|x64
		{363C2619-2209-3C4D-86CB-0EA6ABF367B3}.Release|Win32.ActiveCfg = Release|Win32
		{363C2619-2209-3C4D-86CB-0EA6ABF367B3}.Release|Win32.Build.0 = Release|Win32
		{363C2619-2209-3C4D-86CB-0EA6ABF367B3}.Release|x64.ActiveCfg = Release|x64
		{363C2619-2209-3C4D-86CB-0EA6ABF367B3}.Release|x64.Build.0 = Release|x64
		{C52E6FA6-AFF5-468D-A82F-E9932E8203D4}.Debug|Win32.ActiveCfg = Debug|Win32
		{C52E6FA6-AFF5-468D-A82F-E9932E8203D4}.Debug|Win32.Build.0 = Debug|Win32
		{C52E6FA6-AFF5-468D-A82F-E9932E8203D4}.Debug|x64.ActiveCfg = Debug|x64
		{C52E6FA6-AFF5-468D-A82F-E9932E8203D4}.Debug|x64.Build.0 = Debug|x64
		{C52E6FA6-AFF5-468D-A82F-E9932E8203D4}.Release|Win32.ActiveCfg = Release|Win32
		{C52E6FA6-AFF5-468D-A82F-E9932E8203D4}.Release|Win32.Build.0 = Release|Win32
		{C52E6FA6-AFF5-468D-A82F-E9932E8203D4}.Release|x64.ActiveCfg = Release|x64
		{C52E6FA6-AFF5-468D-A82F-E9932E8203D4}.Release|x64.Build.0 = Release|x64
		{DFCF21EC-E0DD-4352-B170-86F5A9FC05BE}.Debug|Win32.ActiveCfg = Debug|Win32
		{DFCF21EC-E0DD-4352-B170-86F5A9FC05BE}.Debug|Win32.Build.0 = Debug|Win32
		{DFCF21EC-E0DD-4352-B170-86F5A9FC05BE}.Debug|x64.ActiveCfg = Debug|x64
		{DFCF21EC-E0DD-4352-B170-86F5A9FC05BE}.Debug|x64.Build.0 = Debug|x64
		{DFCF21EC-E0DD-4352-B170-86F5A9FC05BE}.Release|Win32.ActiveCfg = Release|Win32
		{DFCF21EC-E0DD-4352-B170-86F5A9FC05BE}.Release|Win32.Build.0 = Release|Win32
		{DFCF21EC-E0DD-4352-B170-86F5A9FC05BE}.Release|x64.ActiveCfg = Release|x64
		{DFCF21EC-E0DD-4352-B170-86F5A9FC05BE}.Release|x64.Build.0 = Release|x64
		{1CFE37CA-D5F3-4FA5-B1FF-48027885CA05}.Debug|Win32.ActiveCfg = Debug|Win32
		{1CFE37CA-D5F3-4FA5-B1FF-48027885CA05}.Debug|Win32.Build.0 = Debug|Win32
		{1CFE37CA-D5F3-4FA5-B1FF-48027885CA05}.Debug|x64.ActiveCfg = Debug|x64
		{1CFE37CA-D5F3-4FA5-B1FF-48027885CA05}.Debug|x64.Build.0 = Debug|x64
		{1CFE37CA-D5F3-4FA5-B1FF-48027885CA05}.Release|Win32.ActiveCfg = Release|Win32
		{1CFE37CA-D5F3-4FA5-B1FF-48027885CA05}.Release|Win32.Build.0 = Release|Win32
		{1CFE37CA-D5F3-4FA5-B1FF-48027885CA05}.Release|x64.ActiveCfg = Release|x64
		{1CFE37CA-D5F3-4FA5-B1FF-48027885CA05}.Release|x64.Build.0 = Release|x64
		{DD55C105-895A-495E-895E-47CF964086C5}.Debug|Win32.ActiveCfg = Debug|Win32
		{DD55C105-895A-495E-895E-47CF964086C5}.Debug|Win32.Build.0 = Debug|Win32
		{DD55C105-895A-495E-895E-47CF964086C5}.Debug|x64.ActiveCfg = Debug|x64
		{DD55C105-895A-495E-895E-47CF964086C5}.Debug|x64.Build.0 = Debug|x64
		{DD55C105-895A-495E-895E-47CF964086C5}.Release|Win32.ActiveCfg = Release|Win32
		{DD55C105-895A-495E-895E-47CF964086C5}.Release|Win32.Build.0 = Release|Win32
		{DD55C105-895A-495E-895E-47CF964086C5}.Release|x64.ActiveCfg = Release|x64
		{DD55C105-895A-495E-895E-47CF964086C5}.Release|x64.Build.0 = Release|x64
		{4486D8E1-654C-49C2-A302-1EC939CEC305}.Debug|Win32.ActiveCfg = Debug|Win32
		{4486D8E1-654C-49C2-A302-1EC939CEC305}.Debug|Win32.Build.0 = Debug|Win32
		{4486D8E1-654C-49C2-A302-1EC939CEC305}.Debug|x64.ActiveCfg = Debug|x64
		{4486D8E1-654C-49C2-A302-1EC939CEC305}.Debug|x64.Build.0 = Debug|x64
		{4486D8E1-654C-49C2-A302-1EC939CEC305}.Release|Win32.ActiveCfg = Release|Win32
		{4486D8E1-654C-49C2-A302-1EC939CEC305}.Release|Win32.Build.0 = Release|Win32
		{4486D8E1-654C-49C2-A302-1EC939CEC305}.Release|x64.ActiveCfg = Release|x64
		{4486D8E1-654C-49C2-A302-1EC939CEC305}.Release|x64.Build.0 = Release|x64
		{7DEA84F7-F018-410C-9A00-3F6022689617}.Debug|Win32.ActiveCfg = Debug|Win32
		{7DEA84F7-F018-410C-9A00-3F6022689617}.Debug|Win32.Build.0 = Debug|Win32
		{7DEA84F7-F018-410C-9A00-3F6022689617}.Debug|x64.ActiveCfg = Debug|x64
		{7DEA84F7-F018-410C-9A00-3F6022689617}.Debug|x64.Build.0 = Debug|x64
		{7DEA84F7-F018-410C-9A00-3F6022689617}.Release|Win32.ActiveCfg = Release|Win32
		{7DEA84F7-F018-410C-9A00-3F6022689617}.Release|Win32.Build.0 = Release|Win32
		{7DEA84F7-F018-410C-9A00-3F6022689617}.Release|x64.ActiveCfg = Release|x64
		{7DEA84F7-F018-410C-9A00-3F6022689617}.Release|x64.Build.0 = Release|x64
		{02A3710C-B5B1-4929-BA0E-1187180518E9}.Debug|Win32.ActiveCfg = Debug|Win32
		{02A3710C-B5B1-4929-BA0E-1187180518E9}.Debug|Win32.Build.0 = Debug|Win32
		{02A3710C-B5B1-4929-BA0E-1187180518E9}.Debug|x64.ActiveCfg = Debug|x64
		{02A3710C-B5B1-4929-BA0E-1187180518E9}.Debug|x64.Build.0 = Debug|x64
		{02A3710C-B5B1-4929-BA0E-1187180518E9}.Release|Win32.ActiveCfg = Release|Win32
		{02A3710C-B5B1-4929-BA0E-1187180518E9}.Release|Win32.Build.0 = Release|Win32
		{02A3710C-B5B1-4929-BA0E-1187180518E9}.Release|x64.ActiveCfg = Release|x64
		{02A3710C-B5B1-4929-BA0E-1187180518E9}.Release|x64.Build.0 = Release|x64
		{AD4C4E03-4286-4591-9E1F-9C7FE9D73CBE}.Debug|Win32.ActiveCfg = Debug|Win32
		{AD4C4E03-4286-4591-9E1F-9C7FE9D73CBE}.Debug|Win32.Build.0 = Debug|Win32
		{AD4C4E03-4286-4591-9E1F-9C7FE9D73CBE}.Debug|x64.ActiveCfg = Debug|x64
		{AD4C4E03-4286-4591-9E1F-9C7FE9D73CBE}.Debug|x64.Build.0 = Debug|x64
		{AD4C4E03-4286-4591-9E1F-9C7FE9D73CBE}.Release|Win32.ActiveCfg = Release|Win32
		{AD4C4E03-4286-4591-9E1F-9C7FE9D73CBE}.Release|Win32.Build.0 = Release|Win32
		{AD4C4E03-4286-4591-9E1F-9C7FE9D73CBE}.Release|x64.ActiveCfg = Release|x64
		{AD4C4E03-4286-4591-9E1F-9C7FE9D73CBE}.Release|x64.Build.0 = Release|x64
		{32748312-BE99-42FE-909B-5C61496D1042}.Debug|Win32.ActiveCfg = Debug|Win32
		{32748312-BE99-42FE-909B-5C61496D1042}.Debug|Win32.Build.0 = Debug|Win32
		{32748312-BE99-42FE-909B-5C61496D1042}.Debug|x64.ActiveCfg = Debug|x64
		{32748312-BE99-42FE-909B-5C61496D1042}.Debug|x64.Build.0 = Debug|x64
		{32748312-BE99-42FE-909B-5C61496D1042}.Release|Win32.ActiveCfg = Release|Win32
		{32748312-BE99-42FE-909B-5C61496D1042}.Release|Win32.Build.0 = Release|Win32
		{32748312-BE99-42FE-909B-5C61496D1042}.Release|x64.ActiveCfg = Release|x64
		{32748312-BE99-42FE-909B-5C61496D1042}.Release|x64.Build.0 = Release|x64
		{3B6BC7D0-E500-4EC5-9023-2DA7A2C7FD60}.Debug|Win32.ActiveCfg = Debug|Win32
		{3B6BC7D0-E500-4EC5-9023-2DA7A2C7FD60}.Debug|Win32.Build.0 = Debug|Win32
		{3B6BC7D0-E500-4EC5-9023-2DA7A2C7FD60}.Debug|x64.ActiveCfg = Debug|x64
		{3B6BC7D0-E500-4EC5-9023-2DA7A2C7FD60}.Debug|x64.Build.0 = Debug|x64
		{3B6BC7D0-E500-4EC5-9023-2DA7A2C7FD60}.Release|Win32.ActiveCfg = Release|Win32
		{3B6BC7D0-E500-4EC5-9023-2DA7A2C7FD60}.Release|Win32.Build.0 = Release|Win32
		{3B6BC7D0-E500-4EC5-9023-2DA7A2C7FD60}.Release|x64.ActiveCfg = Release|x64
		{3B6BC7D0-E500-4EC5-9023-2DA7A2C7FD60}.Release|x64.Build.0 = Release|x64
		{A3199E84-9E3D-41BF-AD2A-D4DB7C1C9A17}.Debug|Win32.ActiveCfg = Debug|Win32
		{A3199E84-9E3D-41BF-AD2A-D4DB7C1C9A17}.Debug|Win32.Build.0 = Debug|Win32
		{A3199E84-9E3D-41BF-AD2A-D4DB7C1C9A17}.Debug|x64.ActiveCfg = Debug|x64
		{A3199E84-9E3D-41BF-AD2A-D4DB7C1C9A17}.Debug|x64.Build.0 = Debug|x64
		{A3199E84-9E3D-41BF-AD2A-D4DB7C1C9A17}.Release|Win32.ActiveCfg = Release|Win32
		{A3199E84-9E3D-41BF-AD2A-D4DB7C1C9A17}.Release|Win32.Build.0 = Release|Win32
		{A3199E84-9E3D-41BF-AD2A-D4DB7C1C9A17}.Release|x64.ActiveCfg = Release|x64
		{A3199E84-9E3D-41BF-AD2A-D4DB7C1C9A17}.Release|x64.Build.0 = Release|x64
		{582F2F8C-7CF6-4D68-9D90-C1F114FB4246}.Debug|Win32.ActiveCfg = Debug|Win32
		{582F2F8C-7CF6-4D68-9D90-C1F114FB4246}.Debug|Win32.Build.0 = Debug|Win32
		{582F2F8C-7CF6-4D68-9D90-C1F114FB4246}.Debug|x64.ActiveCfg = Debug|x64
		{582F2F8C-7CF6-4D68-9D90-C1F114FB4246}.Debug|x64.Build.0 = Debug|x64
		{582F2F8C-7CF6-4D68-9D90-C1F114FB4246}.Release|Win32.ActiveCfg = Release|Win32
		{582F2F8C-7CF6-4D68-9D90-C1F114FB4246}.Release|Win32.Build.0 = Release|Win32
		{582F2F8C-7CF6-4D68-9D90-C1F114FB4246}.Release|x64.ActiveCfg = Release|x64
		{582F2F8C-7CF6-4D68-9D90-C1F114FB4246}.Release|x64.Build.0 = Release|x64
	EndGlobalSection
	GlobalSection(SolutionProperties) = preSolution
		HideSolutionNode = FALSE
	EndGlobalSection
	GlobalSection(NestedProjects) = preSolution
		{1C06E1E0-3FF7-4DAF-A9BA-7C8E2FA11B03} = {0990581B-51D6-40AF-B700-6FC0891F0273}
		{69CDCB06-C62E-45F6-9E2B-4313C228F957} = {C22EDC31-357A-46C0-BBE2-8FEE5C35F5A1}
		{3E2B717A-7A6F-4FF5-9025-738968045272} = {0990581B-51D6-40AF-B700-6FC0891F0273}
		{C2FC6AFF-553B-4B8F-8158-93D8D50A8C02} = {C22EDC31-357A-46C0-BBE2-8FEE5C35F5A1}
		{53034340-F651-4ACB-8FEF-FFE0FF7AA013} = {C22EDC31-357A-46C0-BBE2-8FEE5C35F5A1}
		{6F26C69D-46EE-40AE-92E3-CD205B2C18E0} = {C22EDC31-357A-46C0-BBE2-8FEE5C35F5A1}
		{AA5715E5-75AA-4CCC-A3D7-819FC833603C} = {0990581B-51D6-40AF-B700-6FC0891F0273}
		{6868442D-4090-4022-8BD0-49446B1C249F} = {0990581B-51D6-40AF-B700-6FC0891F0273}
		{D945F0CD-6C29-47DC-8687-18A06CF7502E} = {0990581B-51D6-40AF-B700-6FC0891F0273}
		{CA9DE663-102C-4953-B09E-BCFFEC17D7E4} = {0990581B-51D6-40AF-B700-6FC0891F0273}
		{1D6039F6-5078-416F-A3AF-A36EFC7E6A1C} = {0990581B-51D6-40AF-B700-6FC0891F0273}
		{0788DB65-CD86-4A0D-A245-F29C0114373B} = {0990581B-51D6-40AF-B700-6FC0891F0273}
		{0990581B-51D6-40AF-B700-6FC0891F0273} = {C22EDC31-357A-46C0-BBE2-8FEE5C35F5A1}
		{099792A3-A922-4694-A5BB-D3BC77C96F54} = {0990581B-51D6-40AF-B700-6FC0891F0273}
		{5178B8AB-9D84-4F31-B2AF-0AABCEE506B1} = {C22EDC31-357A-46C0-BBE2-8FEE5C35F5A1}
		{363C2619-2209-3C4D-86CB-0EA6ABF367B3} = {0990581B-51D6-40AF-B700-6FC0891F0273}
		{C52E6FA6-AFF5-468D-A82F-E9932E8203D4} = {C22EDC31-357A-46C0-BBE2-8FEE5C35F5A1}
		{40B23B1A-BC16-4AB0-91BC-D91E7A2853B9} = {C22EDC31-357A-46C0-BBE2-8FEE5C35F5A1}
		{DFCF21EC-E0DD-4352-B170-86F5A9FC05BE} = {40B23B1A-BC16-4AB0-91BC-D91E7A2853B9}
		{1CFE37CA-D5F3-4FA5-B1FF-48027885CA05} = {40B23B1A-BC16-4AB0-91BC-D91E7A2853B9}
		{DD55C105-895A-495E-895E-47CF964086C5} = {3C7C1D26-DA4D-4407-8D31-DDFC04571167}
		{4486D8E1-654C-49C2-A302-1EC939CEC305} = {3C7C1D26-DA4D-4407-8D31-DDFC04571167}
		{7DEA84F7-F018-410C-9A00-3F6022689617} = {3C7C1D26-DA4D-4407-8D31-DDFC04571167}
		{02A3710C-B5B1-4929-BA0E-1187180518E9} = {C22EDC31-357A-46C0-BBE2-8FEE5C35F5A1}
		{AD4C4E03-4286-4591-9E1F-9C7FE9D73CBE} = {C22EDC31-357A-46C0-BBE2-8FEE5C35F5A1}
		{32748312-BE99-42FE-909B-5C61496D1042} = {5A33A6B2-9AB9-429D-BD0E-A14E6F511720}
		{3B6BC7D0-E500-4EC5-9023-2DA7A2C7FD60} = {3C7C1D26-DA4D-4407-8D31-DDFC04571167}
		{A3199E84-9E3D-41BF-AD2A-D4DB7C1C9A17} = {3C7C1D26-DA4D-4407-8D31-DDFC04571167}
		{3C7C1D26-DA4D-4407-8D31-DDFC04571167} = {B92EE606-988F-450C-AB1A-AE4460DDFA1B}
		{5A33A6B2-9AB9-429D-BD0E-A14E6F511720} = {B92EE606-988F-450C-AB1A-AE4460DDFA1B}
		{114FC0E5-5592-44D7-BFFE-1CED030E9CF4} = {B92EE606-988F-450C-AB1A-AE4460DDFA1B}
		{582F2F8C-7CF6-4D68-9D90-C1F114FB4246} = {114FC0E5-5592-44D7-BFFE-1CED030E9CF4}
	EndGlobalSection
	GlobalSection(ExtensibilityGlobals) = postSolution
		SolutionGuid = {66F278F4-EBC7-4F00-9900-83A59E936E86}
	EndGlobalSection
EndGlobal
