<?xml version="1.0" encoding="utf-8"?>
<Project ToolsVersion="4.0" xmlns="http://schemas.microsoft.com/developer/msbuild/2003">
  <ItemGroup>
    <Filter Include="Header Files">
      <UniqueIdentifier>{1d6ef557-c067-4b39-9119-a9915aabffc1}</UniqueIdentifier>
    </Filter>
    <Filter Include="Source Files">
      <UniqueIdentifier>{6e1a6585-5564-471b-8f25-3aaf659723e0}</UniqueIdentifier>
    </Filter>
  </ItemGroup>
  <ItemGroup>
    <ClInclude Include="include\libimobiledevice-glue\cbuf.h">
      <Filter>Header Files</Filter>
    </ClInclude>
    <ClInclude Include="include\libimobiledevice-glue\collection.h">
      <Filter>Header Files</Filter>
    </ClInclude>
    <ClInclude Include="include\libimobiledevice-glue\opack.h">
      <Filter>Header Files</Filter>
    </ClInclude>
    <ClInclude Include="include\libimobiledevice-glue\socket.h">
      <Filter>Header Files</Filter>
    </ClInclude>
    <ClInclude Include="include\libimobiledevice-glue\termcolors.h">
      <Filter>Header Files</Filter>
    </ClInclude>
    <ClInclude Include="include\libimobiledevice-glue\thread.h">
      <Filter>Header Files</Filter>
    </ClInclude>
    <ClInclude Include="include\libimobiledevice-glue\tlv.h">
      <Filter>Header Files</Filter>
    </ClInclude>
    <ClInclude Include="include\libimobiledevice-glue\utils.h">
      <Filter>Header Files</Filter>
    </ClInclude>
    <ClInclude Include="src\common.h">
      <Filter>Header Files</Filter>
    </ClInclude>
  </ItemGroup>
  <ItemGroup>
    <ClCompile Include="src\cbuf.c">
      <Filter>Source Files</Filter>
    </ClCompile>
    <ClCompile Include="src\collection.c">
      <Filter>Source Files</Filter>
    </ClCompile>
    <ClCompile Include="src\glue.c">
      <Filter>Source Files</Filter>
    </ClCompile>
    <ClCompile Include="src\opack.c">
      <Filter>Source Files</Filter>
    </ClCompile>
    <ClCompile Include="src\socket.c">
      <Filter>Source Files</Filter>
    </ClCompile>
    <ClCompile Include="src\termcolors.c">
      <Filter>Source Files</Filter>
    </ClCompile>
    <ClCompile Include="src\thread.c">
      <Filter>Source Files</Filter>
    </ClCompile>
    <ClCompile Include="src\tlv.c">
      <Filter>Source Files</Filter>
    </ClCompile>
    <ClCompile Include="src\utils.c">
      <Filter>Source Files</Filter>
    </ClCompile>
  </ItemGroup>
</Project>